// !$*UTF8*$!
{
	archiveVersion = 1;
	classes = {
	};
	objectVersion = 46;
	objects = {

/* Begin PBXAggregateTarget section */
		F5D60E0C1D90B4AA003E8F4A /* Mogenerator */ = {
			isa = PBXAggregateTarget;
			buildConfigurationList = F5D60E0F1D90B4AA003E8F4A /* Build configuration list for PBXAggregateTarget "Mogenerator" */;
			buildPhases = (
				F5D60E101D90B4D4003E8F4A /* ShellScript */,
			);
			dependencies = (
			);
			name = Mogenerator;
			productName = Mogenerator;
		};
/* End PBXAggregateTarget section */

/* Begin PBXBuildFile section */
		EF16FF6EC5CAD51C4F5BC486 /* Pods_GateKeeper.framework in Frameworks */ = {isa = PBXBuildFile; fileRef = 15D89D0F928A407C8311FCBB /* Pods_GateKeeper.framework */; };
		F5D60DE11D90A831003E8F4A /* GKAppDelegate.swift in Sources */ = {isa = PBXBuildFile; fileRef = F5D60DE01D90A831003E8F4A /* GKAppDelegate.swift */; };
		F5D60DE61D90A831003E8F4A /* Main.storyboard in Resources */ = {isa = PBXBuildFile; fileRef = F5D60DE41D90A831003E8F4A /* Main.storyboard */; };
		F5D60DEB1D90A831003E8F4A /* Assets.xcassets in Resources */ = {isa = PBXBuildFile; fileRef = F5D60DEA1D90A831003E8F4A /* Assets.xcassets */; };
		F5D60DEE1D90A831003E8F4A /* LaunchScreen.storyboard in Resources */ = {isa = PBXBuildFile; fileRef = F5D60DEC1D90A831003E8F4A /* LaunchScreen.storyboard */; };
		F5D60DFF1D90B130003E8F4A /* ProximaNova-Bold.ttf in Resources */ = {isa = PBXBuildFile; fileRef = F5D60DFB1D90B130003E8F4A /* ProximaNova-Bold.ttf */; };
		F5D60E001D90B130003E8F4A /* ProximaNova-Light.ttf in Resources */ = {isa = PBXBuildFile; fileRef = F5D60DFC1D90B130003E8F4A /* ProximaNova-Light.ttf */; };
		F5D60E011D90B130003E8F4A /* ProximaNova-Reg.ttf in Resources */ = {isa = PBXBuildFile; fileRef = F5D60DFD1D90B130003E8F4A /* ProximaNova-Reg.ttf */; };
		F5D60E021D90B130003E8F4A /* ProximaNova-Sbold.ttf in Resources */ = {isa = PBXBuildFile; fileRef = F5D60DFE1D90B130003E8F4A /* ProximaNova-Sbold.ttf */; };
		F5D60E071D90B183003E8F4A /* GMDCircleLoader.m in Sources */ = {isa = PBXBuildFile; fileRef = F5D60E061D90B183003E8F4A /* GMDCircleLoader.m */; };
		F5D60E121D90B501003E8F4A /* TMManagedObject.swift in Sources */ = {isa = PBXBuildFile; fileRef = F5D60E111D90B501003E8F4A /* TMManagedObject.swift */; };
		F5D60E151D90B50D003E8F4A /* GKManagedObject.swift in Sources */ = {isa = PBXBuildFile; fileRef = F5D60E141D90B50D003E8F4A /* GKManagedObject.swift */; };
		F5D60E181D90B5BF003E8F4A /* GKModel.xcdatamodeld in Sources */ = {isa = PBXBuildFile; fileRef = F5D60E161D90B5BF003E8F4A /* GKModel.xcdatamodeld */; };
		F5D60E1B1D90B6BC003E8F4A /* Onboarding.storyboard in Resources */ = {isa = PBXBuildFile; fileRef = F5D60E1A1D90B6BC003E8F4A /* Onboarding.storyboard */; };
		F5D60E1D1D90DCE5003E8F4A /* GKNetworkingManager.swift in Sources */ = {isa = PBXBuildFile; fileRef = F5D60E1C1D90DCE5003E8F4A /* GKNetworkingManager.swift */; };
/* End PBXBuildFile section */

/* Begin PBXFileReference section */
		15D89D0F928A407C8311FCBB /* Pods_GateKeeper.framework */ = {isa = PBXFileReference; explicitFileType = wrapper.framework; includeInIndex = 0; path = Pods_GateKeeper.framework; sourceTree = BUILT_PRODUCTS_DIR; };
		3EF541CB01210DD2ABFAC560 /* Pods-GateKeeper.debug.xcconfig */ = {isa = PBXFileReference; includeInIndex = 1; lastKnownFileType = text.xcconfig; name = "Pods-GateKeeper.debug.xcconfig"; path = "Pods/Target Support Files/Pods-GateKeeper/Pods-GateKeeper.debug.xcconfig"; sourceTree = "<group>"; };
		B16FE3D58661F1F52ACAA3BE /* Pods-GateKeeper.release.xcconfig */ = {isa = PBXFileReference; includeInIndex = 1; lastKnownFileType = text.xcconfig; name = "Pods-GateKeeper.release.xcconfig"; path = "Pods/Target Support Files/Pods-GateKeeper/Pods-GateKeeper.release.xcconfig"; sourceTree = "<group>"; };
		F5D60DDD1D90A831003E8F4A /* GateKeeper.app */ = {isa = PBXFileReference; explicitFileType = wrapper.application; includeInIndex = 0; path = GateKeeper.app; sourceTree = BUILT_PRODUCTS_DIR; };
		F5D60DE01D90A831003E8F4A /* GKAppDelegate.swift */ = {isa = PBXFileReference; lastKnownFileType = sourcecode.swift; path = GKAppDelegate.swift; sourceTree = "<group>"; };
		F5D60DE51D90A831003E8F4A /* Base */ = {isa = PBXFileReference; lastKnownFileType = file.storyboard; name = Base; path = Base.lproj/Main.storyboard; sourceTree = "<group>"; };
		F5D60DEA1D90A831003E8F4A /* Assets.xcassets */ = {isa = PBXFileReference; lastKnownFileType = folder.assetcatalog; name = Assets.xcassets; path = ../Assets.xcassets; sourceTree = "<group>"; };
		F5D60DED1D90A831003E8F4A /* Base */ = {isa = PBXFileReference; lastKnownFileType = file.storyboard; name = Base; path = Base.lproj/LaunchScreen.storyboard; sourceTree = "<group>"; };
		F5D60DEF1D90A831003E8F4A /* Info.plist */ = {isa = PBXFileReference; lastKnownFileType = text.plist.xml; name = Info.plist; path = ../Info.plist; sourceTree = "<group>"; };
		F5D60DFB1D90B130003E8F4A /* ProximaNova-Bold.ttf */ = {isa = PBXFileReference; lastKnownFileType = file; path = "ProximaNova-Bold.ttf"; sourceTree = "<group>"; };
		F5D60DFC1D90B130003E8F4A /* ProximaNova-Light.ttf */ = {isa = PBXFileReference; lastKnownFileType = file; path = "ProximaNova-Light.ttf"; sourceTree = "<group>"; };
		F5D60DFD1D90B130003E8F4A /* ProximaNova-Reg.ttf */ = {isa = PBXFileReference; lastKnownFileType = file; path = "ProximaNova-Reg.ttf"; sourceTree = "<group>"; };
		F5D60DFE1D90B130003E8F4A /* ProximaNova-Sbold.ttf */ = {isa = PBXFileReference; lastKnownFileType = file; path = "ProximaNova-Sbold.ttf"; sourceTree = "<group>"; };
		F5D60E051D90B183003E8F4A /* GMDCircleLoader.h */ = {isa = PBXFileReference; fileEncoding = 4; lastKnownFileType = sourcecode.c.h; path = GMDCircleLoader.h; sourceTree = "<group>"; };
		F5D60E061D90B183003E8F4A /* GMDCircleLoader.m */ = {isa = PBXFileReference; fileEncoding = 4; lastKnownFileType = sourcecode.c.objc; path = GMDCircleLoader.m; sourceTree = "<group>"; };
		F5D60E0B1D90B23B003E8F4A /* GateKeeper-Bridging-Header.h */ = {isa = PBXFileReference; lastKnownFileType = sourcecode.c.h; path = "GateKeeper-Bridging-Header.h"; sourceTree = "<group>"; };
		F5D60E111D90B501003E8F4A /* TMManagedObject.swift */ = {isa = PBXFileReference; fileEncoding = 4; lastKnownFileType = sourcecode.swift; path = TMManagedObject.swift; sourceTree = "<group>"; };
		F5D60E141D90B50D003E8F4A /* GKManagedObject.swift */ = {isa = PBXFileReference; fileEncoding = 4; lastKnownFileType = sourcecode.swift; path = GKManagedObject.swift; sourceTree = "<group>"; };
		F5D60E171D90B5BF003E8F4A /* GKModel.xcdatamodel */ = {isa = PBXFileReference; lastKnownFileType = wrapper.xcdatamodel; path = GKModel.xcdatamodel; sourceTree = "<group>"; };
		F5D60E1A1D90B6BC003E8F4A /* Onboarding.storyboard */ = {isa = PBXFileReference; fileEncoding = 4; lastKnownFileType = file.storyboard; path = Onboarding.storyboard; sourceTree = "<group>"; };
		F5D60E1C1D90DCE5003E8F4A /* GKNetworkingManager.swift */ = {isa = PBXFileReference; fileEncoding = 4; lastKnownFileType = sourcecode.swift; path = GKNetworkingManager.swift; sourceTree = "<group>"; };
/* End PBXFileReference section */

/* Begin PBXFrameworksBuildPhase section */
		F5D60DDA1D90A831003E8F4A /* Frameworks */ = {
			isa = PBXFrameworksBuildPhase;
			buildActionMask = 2147483647;
			files = (
				EF16FF6EC5CAD51C4F5BC486 /* Pods_GateKeeper.framework in Frameworks */,
			);
			runOnlyForDeploymentPostprocessing = 0;
		};
/* End PBXFrameworksBuildPhase section */

/* Begin PBXGroup section */
		AB3D6DFC5CB909DACCF2A2CB /* Pods */ = {
			isa = PBXGroup;
			children = (
				3EF541CB01210DD2ABFAC560 /* Pods-GateKeeper.debug.xcconfig */,
				B16FE3D58661F1F52ACAA3BE /* Pods-GateKeeper.release.xcconfig */,
			);
			name = Pods;
			sourceTree = "<group>";
		};
		C14DE8CDC138A1526D687DD2 /* Frameworks */ = {
			isa = PBXGroup;
			children = (
				15D89D0F928A407C8311FCBB /* Pods_GateKeeper.framework */,
			);
			name = Frameworks;
			sourceTree = "<group>";
		};
		F5D60DD41D90A831003E8F4A = {
			isa = PBXGroup;
			children = (
				F5D60DDF1D90A831003E8F4A /* GateKeeper */,
				F5D60DDE1D90A831003E8F4A /* Products */,
				AB3D6DFC5CB909DACCF2A2CB /* Pods */,
				C14DE8CDC138A1526D687DD2 /* Frameworks */,
			);
			sourceTree = "<group>";
		};
		F5D60DDE1D90A831003E8F4A /* Products */ = {
			isa = PBXGroup;
			children = (
				F5D60DDD1D90A831003E8F4A /* GateKeeper.app */,
			);
			name = Products;
			sourceTree = "<group>";
		};
		F5D60DDF1D90A831003E8F4A /* GateKeeper */ = {
			isa = PBXGroup;
			children = (
				F5D60DE01D90A831003E8F4A /* GKAppDelegate.swift */,
				F5D60DF61D90B05F003E8F4A /* Data Synchronization */,
				F5D60DF71D90B06F003E8F4A /* Models */,
				F5D60DF81D90B07E003E8F4A /* Sections */,
				F5D60DF51D90B022003E8F4A /* Storyboards */,
				F5D60E031D90B16D003E8F4A /* UIComponents */,
				F5D60E191D90B612003E8F4A /* Utilities */,
				F5D60DF91D90B092003E8F4A /* Supporting Files */,
			);
			path = GateKeeper;
			sourceTree = "<group>";
		};
		F5D60DF51D90B022003E8F4A /* Storyboards */ = {
			isa = PBXGroup;
			children = (
				F5D60DE41D90A831003E8F4A /* Main.storyboard */,
				F5D60E1A1D90B6BC003E8F4A /* Onboarding.storyboard */,
				F5D60DEC1D90A831003E8F4A /* LaunchScreen.storyboard */,
			);
			path = Storyboards;
			sourceTree = "<group>";
		};
		F5D60DF61D90B05F003E8F4A /* Data Synchronization */ = {
			isa = PBXGroup;
			children = (
				F5D60E111D90B501003E8F4A /* TMManagedObject.swift */,
			);
			path = "Data Synchronization";
			sourceTree = "<group>";
		};
		F5D60DF71D90B06F003E8F4A /* Models */ = {
			isa = PBXGroup;
			children = (
				F5D60E141D90B50D003E8F4A /* GKManagedObject.swift */,
				F5D60E161D90B5BF003E8F4A /* GKModel.xcdatamodeld */,
			);
			path = Models;
			sourceTree = "<group>";
		};
		F5D60DF81D90B07E003E8F4A /* Sections */ = {
			isa = PBXGroup;
			children = (
			);
			name = Sections;
			path = Secions;
			sourceTree = "<group>";
		};
		F5D60DF91D90B092003E8F4A /* Supporting Files */ = {
			isa = PBXGroup;
			children = (
				F5D60DFA1D90B130003E8F4A /* Fonts */,
				F5D60DEA1D90A831003E8F4A /* Assets.xcassets */,
				F5D60DEF1D90A831003E8F4A /* Info.plist */,
				F5D60E0B1D90B23B003E8F4A /* GateKeeper-Bridging-Header.h */,
			);
			path = "Supporting Files";
			sourceTree = "<group>";
		};
		F5D60DFA1D90B130003E8F4A /* Fonts */ = {
			isa = PBXGroup;
			children = (
				F5D60DFB1D90B130003E8F4A /* ProximaNova-Bold.ttf */,
				F5D60DFC1D90B130003E8F4A /* ProximaNova-Light.ttf */,
				F5D60DFD1D90B130003E8F4A /* ProximaNova-Reg.ttf */,
				F5D60DFE1D90B130003E8F4A /* ProximaNova-Sbold.ttf */,
			);
			path = Fonts;
			sourceTree = "<group>";
		};
		F5D60E031D90B16D003E8F4A /* UIComponents */ = {
			isa = PBXGroup;
			children = (
				F5D60E041D90B183003E8F4A /* Loader */,
			);
			path = UIComponents;
			sourceTree = "<group>";
		};
		F5D60E041D90B183003E8F4A /* Loader */ = {
			isa = PBXGroup;
			children = (
				F5D60E051D90B183003E8F4A /* GMDCircleLoader.h */,
				F5D60E061D90B183003E8F4A /* GMDCircleLoader.m */,
			);
			path = Loader;
			sourceTree = "<group>";
		};
		F5D60E191D90B612003E8F4A /* Utilities */ = {
			isa = PBXGroup;
			children = (
				F5D60E1C1D90DCE5003E8F4A /* GKNetworkingManager.swift */,
			);
			path = Utilities;
			sourceTree = "<group>";
		};
/* End PBXGroup section */

/* Begin PBXNativeTarget section */
		F5D60DDC1D90A831003E8F4A /* GateKeeper */ = {
			isa = PBXNativeTarget;
			buildConfigurationList = F5D60DF21D90A831003E8F4A /* Build configuration list for PBXNativeTarget "GateKeeper" */;
			buildPhases = (
				82C3D923A872DF94EA0F07DA /* [CP] Check Pods Manifest.lock */,
				F5D60DD91D90A831003E8F4A /* Sources */,
				F5D60DDA1D90A831003E8F4A /* Frameworks */,
				F5D60DDB1D90A831003E8F4A /* Resources */,
				0151C819AA1FA715E55A86FB /* [CP] Embed Pods Frameworks */,
				BF71C5D2619A236B1AD9E7B5 /* [CP] Copy Pods Resources */,
			);
			buildRules = (
			);
			dependencies = (
			);
			name = GateKeeper;
			productName = GateKeeper;
			productReference = F5D60DDD1D90A831003E8F4A /* GateKeeper.app */;
			productType = "com.apple.product-type.application";
		};
/* End PBXNativeTarget section */

/* Begin PBXProject section */
		F5D60DD51D90A831003E8F4A /* Project object */ = {
			isa = PBXProject;
			attributes = {
				CLASSPREFIX = GK;
				LastSwiftUpdateCheck = 0800;
				LastUpgradeCheck = 0800;
				ORGANIZATIONNAME = "Vlad Z";
				TargetAttributes = {
					F5D60DDC1D90A831003E8F4A = {
						CreatedOnToolsVersion = 8.0;
						LastSwiftMigration = 0800;
						ProvisioningStyle = Automatic;
					};
					F5D60E0C1D90B4AA003E8F4A = {
						CreatedOnToolsVersion = 8.0;
						LastSwiftMigration = 0800;
						ProvisioningStyle = Automatic;
					};
				};
			};
			buildConfigurationList = F5D60DD81D90A831003E8F4A /* Build configuration list for PBXProject "GateKeeper" */;
			compatibilityVersion = "Xcode 3.2";
			developmentRegion = English;
			hasScannedForEncodings = 0;
			knownRegions = (
				en,
				Base,
			);
			mainGroup = F5D60DD41D90A831003E8F4A;
			productRefGroup = F5D60DDE1D90A831003E8F4A /* Products */;
			projectDirPath = "";
			projectRoot = "";
			targets = (
				F5D60DDC1D90A831003E8F4A /* GateKeeper */,
				F5D60E0C1D90B4AA003E8F4A /* Mogenerator */,
			);
		};
/* End PBXProject section */

/* Begin PBXResourcesBuildPhase section */
		F5D60DDB1D90A831003E8F4A /* Resources */ = {
			isa = PBXResourcesBuildPhase;
			buildActionMask = 2147483647;
			files = (
				F5D60E001D90B130003E8F4A /* ProximaNova-Light.ttf in Resources */,
				F5D60DEE1D90A831003E8F4A /* LaunchScreen.storyboard in Resources */,
				F5D60DEB1D90A831003E8F4A /* Assets.xcassets in Resources */,
				F5D60DFF1D90B130003E8F4A /* ProximaNova-Bold.ttf in Resources */,
				F5D60E021D90B130003E8F4A /* ProximaNova-Sbold.ttf in Resources */,
				F5D60E011D90B130003E8F4A /* ProximaNova-Reg.ttf in Resources */,
				F5D60DE61D90A831003E8F4A /* Main.storyboard in Resources */,
				F5D60E1B1D90B6BC003E8F4A /* Onboarding.storyboard in Resources */,
			);
			runOnlyForDeploymentPostprocessing = 0;
		};
/* End PBXResourcesBuildPhase section */

/* Begin PBXShellScriptBuildPhase section */
		0151C819AA1FA715E55A86FB /* [CP] Embed Pods Frameworks */ = {
			isa = PBXShellScriptBuildPhase;
			buildActionMask = 2147483647;
			files = (
			);
			inputPaths = (
			);
			name = "[CP] Embed Pods Frameworks";
			outputPaths = (
			);
			runOnlyForDeploymentPostprocessing = 0;
			shellPath = /bin/sh;
			shellScript = "\"${SRCROOT}/Pods/Target Support Files/Pods-GateKeeper/Pods-GateKeeper-frameworks.sh\"\n";
			showEnvVarsInLog = 0;
		};
		82C3D923A872DF94EA0F07DA /* [CP] Check Pods Manifest.lock */ = {
			isa = PBXShellScriptBuildPhase;
			buildActionMask = 2147483647;
			files = (
			);
			inputPaths = (
			);
			name = "[CP] Check Pods Manifest.lock";
			outputPaths = (
			);
			runOnlyForDeploymentPostprocessing = 0;
			shellPath = /bin/sh;
			shellScript = "diff \"${PODS_ROOT}/../Podfile.lock\" \"${PODS_ROOT}/Manifest.lock\" > /dev/null\nif [[ $? != 0 ]] ; then\n    cat << EOM\nerror: The sandbox is not in sync with the Podfile.lock. Run 'pod install' or update your CocoaPods installation.\nEOM\n    exit 1\nfi\n";
			showEnvVarsInLog = 0;
		};
		BF71C5D2619A236B1AD9E7B5 /* [CP] Copy Pods Resources */ = {
			isa = PBXShellScriptBuildPhase;
			buildActionMask = 2147483647;
			files = (
			);
			inputPaths = (
			);
			name = "[CP] Copy Pods Resources";
			outputPaths = (
			);
			runOnlyForDeploymentPostprocessing = 0;
			shellPath = /bin/sh;
			shellScript = "\"${SRCROOT}/Pods/Target Support Files/Pods-GateKeeper/Pods-GateKeeper-resources.sh\"\n";
			showEnvVarsInLog = 0;
		};
		F5D60E101D90B4D4003E8F4A /* ShellScript */ = {
			isa = PBXShellScriptBuildPhase;
			buildActionMask = 2147483647;
			files = (
			);
			inputPaths = (
			);
			outputPaths = (
			);
			runOnlyForDeploymentPostprocessing = 0;
			shellPath = /bin/sh;
			shellScript = "mogenerator --template-var arc=true -m GateKeeper/Models/GKModel.xcdatamodeld / -M Model/ModelMachine -H Model/ModelHuman --base-class GKManagedObject --includem Model/ModelIncludes --swift --template-path ModelTemplates";
		};
/* End PBXShellScriptBuildPhase section */

/* Begin PBXSourcesBuildPhase section */
		F5D60DD91D90A831003E8F4A /* Sources */ = {
			isa = PBXSourcesBuildPhase;
			buildActionMask = 2147483647;
			files = (
				F5D60DE11D90A831003E8F4A /* GKAppDelegate.swift in Sources */,
				F5D60E1D1D90DCE5003E8F4A /* GKNetworkingManager.swift in Sources */,
				F5D60E151D90B50D003E8F4A /* GKManagedObject.swift in Sources */,
				F5D60E121D90B501003E8F4A /* TMManagedObject.swift in Sources */,
				F5D60E071D90B183003E8F4A /* GMDCircleLoader.m in Sources */,
				F5D60E181D90B5BF003E8F4A /* GKModel.xcdatamodeld in Sources */,
			);
			runOnlyForDeploymentPostprocessing = 0;
		};
/* End PBXSourcesBuildPhase section */

/* Begin PBXVariantGroup section */
		F5D60DE41D90A831003E8F4A /* Main.storyboard */ = {
			isa = PBXVariantGroup;
			children = (
				F5D60DE51D90A831003E8F4A /* Base */,
			);
			name = Main.storyboard;
			path = ..;
			sourceTree = "<group>";
		};
		F5D60DEC1D90A831003E8F4A /* LaunchScreen.storyboard */ = {
			isa = PBXVariantGroup;
			children = (
				F5D60DED1D90A831003E8F4A /* Base */,
			);
			name = LaunchScreen.storyboard;
			path = ..;
			sourceTree = "<group>";
		};
/* End PBXVariantGroup section */

/* Begin XCBuildConfiguration section */
		F5D60DF01D90A831003E8F4A /* Debug */ = {
			isa = XCBuildConfiguration;
			buildSettings = {
				ALWAYS_SEARCH_USER_PATHS = NO;
				CLANG_ANALYZER_NONNULL = YES;
				CLANG_CXX_LANGUAGE_STANDARD = "gnu++0x";
				CLANG_CXX_LIBRARY = "libc++";
				CLANG_ENABLE_MODULES = YES;
				CLANG_ENABLE_OBJC_ARC = YES;
				CLANG_WARN_BOOL_CONVERSION = YES;
				CLANG_WARN_CONSTANT_CONVERSION = YES;
				CLANG_WARN_DIRECT_OBJC_ISA_USAGE = YES_ERROR;
				CLANG_WARN_DOCUMENTATION_COMMENTS = YES;
				CLANG_WARN_EMPTY_BODY = YES;
				CLANG_WARN_ENUM_CONVERSION = YES;
				CLANG_WARN_INFINITE_RECURSION = YES;
				CLANG_WARN_INT_CONVERSION = YES;
				CLANG_WARN_OBJC_ROOT_CLASS = YES_ERROR;
				CLANG_WARN_SUSPICIOUS_MOVES = YES;
				CLANG_WARN_UNREACHABLE_CODE = YES;
				CLANG_WARN__DUPLICATE_METHOD_MATCH = YES;
				"CODE_SIGN_IDENTITY[sdk=iphoneos*]" = "iPhone Developer";
				COPY_PHASE_STRIP = NO;
				DEBUG_INFORMATION_FORMAT = dwarf;
				ENABLE_STRICT_OBJC_MSGSEND = YES;
				ENABLE_TESTABILITY = YES;
				GCC_C_LANGUAGE_STANDARD = gnu99;
				GCC_DYNAMIC_NO_PIC = NO;
				GCC_NO_COMMON_BLOCKS = YES;
				GCC_OPTIMIZATION_LEVEL = 0;
				GCC_PREPROCESSOR_DEFINITIONS = (
					"DEBUG=1",
					"$(inherited)",
				);
				GCC_WARN_64_TO_32_BIT_CONVERSION = YES;
				GCC_WARN_ABOUT_RETURN_TYPE = YES_ERROR;
				GCC_WARN_UNDECLARED_SELECTOR = YES;
				GCC_WARN_UNINITIALIZED_AUTOS = YES_AGGRESSIVE;
				GCC_WARN_UNUSED_FUNCTION = YES;
				GCC_WARN_UNUSED_VARIABLE = YES;
				IPHONEOS_DEPLOYMENT_TARGET = 10.0;
				MTL_ENABLE_DEBUG_INFO = YES;
				ONLY_ACTIVE_ARCH = YES;
				SDKROOT = iphoneos;
				SWIFT_ACTIVE_COMPILATION_CONDITIONS = DEBUG;
				SWIFT_OBJC_BRIDGING_HEADER = "GateKeeper/Supporting Files/GateKeeper-Bridging-Header.h";
				SWIFT_OPTIMIZATION_LEVEL = "-Onone";
				SWIFT_VERSION = 2.3;
			};
			name = Debug;
		};
		F5D60DF11D90A831003E8F4A /* Release */ = {
			isa = XCBuildConfiguration;
			buildSettings = {
				ALWAYS_SEARCH_USER_PATHS = NO;
				CLANG_ANALYZER_NONNULL = YES;
				CLANG_CXX_LANGUAGE_STANDARD = "gnu++0x";
				CLANG_CXX_LIBRARY = "libc++";
				CLANG_ENABLE_MODULES = YES;
				CLANG_ENABLE_OBJC_ARC = YES;
				CLANG_WARN_BOOL_CONVERSION = YES;
				CLANG_WARN_CONSTANT_CONVERSION = YES;
				CLANG_WARN_DIRECT_OBJC_ISA_USAGE = YES_ERROR;
				CLANG_WARN_DOCUMENTATION_COMMENTS = YES;
				CLANG_WARN_EMPTY_BODY = YES;
				CLANG_WARN_ENUM_CONVERSION = YES;
				CLANG_WARN_INFINITE_RECURSION = YES;
				CLANG_WARN_INT_CONVERSION = YES;
				CLANG_WARN_OBJC_ROOT_CLASS = YES_ERROR;
				CLANG_WARN_SUSPICIOUS_MOVES = YES;
				CLANG_WARN_UNREACHABLE_CODE = YES;
				CLANG_WARN__DUPLICATE_METHOD_MATCH = YES;
				"CODE_SIGN_IDENTITY[sdk=iphoneos*]" = "iPhone Developer";
				COPY_PHASE_STRIP = NO;
				DEBUG_INFORMATION_FORMAT = "dwarf-with-dsym";
				ENABLE_NS_ASSERTIONS = NO;
				ENABLE_STRICT_OBJC_MSGSEND = YES;
				GCC_C_LANGUAGE_STANDARD = gnu99;
				GCC_NO_COMMON_BLOCKS = YES;
				GCC_WARN_64_TO_32_BIT_CONVERSION = YES;
				GCC_WARN_ABOUT_RETURN_TYPE = YES_ERROR;
				GCC_WARN_UNDECLARED_SELECTOR = YES;
				GCC_WARN_UNINITIALIZED_AUTOS = YES_AGGRESSIVE;
				GCC_WARN_UNUSED_FUNCTION = YES;
				GCC_WARN_UNUSED_VARIABLE = YES;
				IPHONEOS_DEPLOYMENT_TARGET = 10.0;
				MTL_ENABLE_DEBUG_INFO = NO;
				SDKROOT = iphoneos;
				SWIFT_OBJC_BRIDGING_HEADER = "GateKeeper/Supporting Files/GateKeeper-Bridging-Header.h";
				SWIFT_OPTIMIZATION_LEVEL = "-Owholemodule";
				SWIFT_VERSION = 2.3;
				VALIDATE_PRODUCT = YES;
			};
			name = Release;
		};
		F5D60DF31D90A831003E8F4A /* Debug */ = {
			isa = XCBuildConfiguration;
			baseConfigurationReference = 3EF541CB01210DD2ABFAC560 /* Pods-GateKeeper.debug.xcconfig */;
			buildSettings = {
				ASSETCATALOG_COMPILER_APPICON_NAME = AppIcon;
				INFOPLIST_FILE = GateKeeper/Info.plist;
				IPHONEOS_DEPLOYMENT_TARGET = 9.0;
				LD_RUNPATH_SEARCH_PATHS = "$(inherited) @executable_path/Frameworks";
				PRODUCT_BUNDLE_IDENTIFIER = GK.GateKeeper;
				PRODUCT_NAME = "$(TARGET_NAME)";
				SWIFT_OBJC_BRIDGING_HEADER = "GateKeeper/Supporting Files/GateKeeper-Bridging-Header.h";
				SWIFT_VERSION = 3.0;
			};
			name = Debug;
		};
		F5D60DF41D90A831003E8F4A /* Release */ = {
			isa = XCBuildConfiguration;
			baseConfigurationReference = B16FE3D58661F1F52ACAA3BE /* Pods-GateKeeper.release.xcconfig */;
			buildSettings = {
				ASSETCATALOG_COMPILER_APPICON_NAME = AppIcon;
				INFOPLIST_FILE = GateKeeper/Info.plist;
				IPHONEOS_DEPLOYMENT_TARGET = 9.0;
				LD_RUNPATH_SEARCH_PATHS = "$(inherited) @executable_path/Frameworks";
				PRODUCT_BUNDLE_IDENTIFIER = GK.GateKeeper;
				PRODUCT_NAME = "$(TARGET_NAME)";
				SWIFT_OBJC_BRIDGING_HEADER = "GateKeeper/Supporting Files/GateKeeper-Bridging-Header.h";
				SWIFT_VERSION = 3.0;
			};
			name = Release;
		};
		F5D60E0D1D90B4AA003E8F4A /* Debug */ = {
			isa = XCBuildConfiguration;
			buildSettings = {
				CLANG_ENABLE_MODULES = YES;
				LD_RUNPATH_SEARCH_PATHS = "$(inherited) @executable_path/Frameworks @loader_path/Frameworks";
				PRODUCT_NAME = "$(TARGET_NAME)";
				SWIFT_OBJC_BRIDGING_HEADER = "GateKeeper/Models/Mogenerator-Bridging-Header.h";
				SWIFT_OPTIMIZATION_LEVEL = "-Onone";
				SWIFT_VERSION = 3.0;
			};
			name = Debug;
		};
		F5D60E0E1D90B4AA003E8F4A /* Release */ = {
			isa = XCBuildConfiguration;
			buildSettings = {
				CLANG_ENABLE_MODULES = YES;
				LD_RUNPATH_SEARCH_PATHS = "$(inherited) @executable_path/Frameworks @loader_path/Frameworks";
				PRODUCT_NAME = "$(TARGET_NAME)";
				SWIFT_OBJC_BRIDGING_HEADER = "GateKeeper/Models/Mogenerator-Bridging-Header.h";
				SWIFT_VERSION = 3.0;
			};
			name = Release;
		};
/* End XCBuildConfiguration section */

/* Begin XCConfigurationList section */
		F5D60DD81D90A831003E8F4A /* Build configuration list for PBXProject "GateKeeper" */ = {
			isa = XCConfigurationList;
			buildConfigurations = (
				F5D60DF01D90A831003E8F4A /* Debug */,
				F5D60DF11D90A831003E8F4A /* Release */,
			);
			defaultConfigurationIsVisible = 0;
			defaultConfigurationName = Release;
		};
		F5D60DF21D90A831003E8F4A /* Build configuration list for PBXNativeTarget "GateKeeper" */ = {
			isa = XCConfigurationList;
			buildConfigurations = (
				F5D60DF31D90A831003E8F4A /* Debug */,
				F5D60DF41D90A831003E8F4A /* Release */,
			);
			defaultConfigurationIsVisible = 0;
			defaultConfigurationName = Release;
		};
		F5D60E0F1D90B4AA003E8F4A /* Build configuration list for PBXAggregateTarget "Mogenerator" */ = {
			isa = XCConfigurationList;
			buildConfigurations = (
				F5D60E0D1D90B4AA003E8F4A /* Debug */,
				F5D60E0E1D90B4AA003E8F4A /* Release */,
			);
			defaultConfigurationIsVisible = 0;
			defaultConfigurationName = Release;
		};
/* End XCConfigurationList section */

/* Begin XCVersionGroup section */
		F5D60E161D90B5BF003E8F4A /* GKModel.xcdatamodeld */ = {
			isa = XCVersionGroup;
			children = (
				F5D60E171D90B5BF003E8F4A /* GKModel.xcdatamodel */,
			);
			currentVersion = F5D60E171D90B5BF003E8F4A /* GKModel.xcdatamodel */;
			path = GKModel.xcdatamodeld;
			sourceTree = "<group>";
			versionGroupType = wrapper.xcdatamodel;
		};
/* End XCVersionGroup section */
	};
	rootObject = F5D60DD51D90A831003E8F4A /* Project object */;
}
